
Microsoft Visual Studio Solution File, Format Version 12.00
# Visual Studio Version 16
VisualStudioVersion = 16.0.810.23
MinimumVisualStudioVersion = 10.0.40219.1
Project("{FAE04EC0-301F-11D3-BF4B-00C04F79EFBC}") = "CarClass", "CarClass.csproj", "{514D5699-029C-4EBE-9E24-5B497663CA88}"
EndProject
Global
	GlobalSection(SolutionConfigurationPlatforms) = preSolution
		Debug|Any CPU = Debug|Any CPU
		Release|Any CPU = Release|Any CPU
	EndGlobalSection
	GlobalSection(ProjectConfigurationPlatforms) = postSolution
		{514D5699-029C-4EBE-9E24-5B497663CA88}.Debug|Any CPU.ActiveCfg = Debug|Any CPU
		{514D5699-029C-4EBE-9E24-5B497663CA88}.Debug|Any CPU.Build.0 = Debug|Any CPU
		{514D5699-029C-4EBE-9E24-5B497663CA88}.Release|Any CPU.ActiveCfg = Release|Any CPU
		{514D5699-029C-4EBE-9E24-5B497663CA88}.Release|Any CPU.Build.0 = Release|Any CPU
	EndGlobalSection
	GlobalSection(SolutionProperties) = preSolution
		HideSolutionNode = FALSE
	EndGlobalSection
	GlobalSection(ExtensibilityGlobals) = postSolution
		SolutionGuid = {14C547E1-3E2E-49E8-B9F4-F1F8327AE766}
	EndGlobalSection
EndGlobal
